// !$*UTF8*$!
{
	archiveVersion = 1;
	classes = {
	};
	objectVersion = 46;
	objects = {

/* Begin PBXBuildFile section */
		D90A43D71E53FE7900D15B7B /* AppDelegate.swift in Sources */ = {isa = PBXBuildFile; fileRef = D90A43D61E53FE7900D15B7B /* AppDelegate.swift */; };
		D90A43D91E53FE7900D15B7B /* EnglishViewController.swift in Sources */ = {isa = PBXBuildFile; fileRef = D90A43D81E53FE7900D15B7B /* EnglishViewController.swift */; };
		D90A43DB1E53FE7900D15B7B /* UkrainianViewController.swift in Sources */ = {isa = PBXBuildFile; fileRef = D90A43DA1E53FE7900D15B7B /* UkrainianViewController.swift */; };
		D90A43DE1E53FE7900D15B7B /* Main.storyboard in Resources */ = {isa = PBXBuildFile; fileRef = D90A43DC1E53FE7900D15B7B /* Main.storyboard */; };
		D90A43E01E53FE7A00D15B7B /* Assets.xcassets in Resources */ = {isa = PBXBuildFile; fileRef = D90A43DF1E53FE7A00D15B7B /* Assets.xcassets */; };
		D90A43E31E53FE7A00D15B7B /* LaunchScreen.storyboard in Resources */ = {isa = PBXBuildFile; fileRef = D90A43E11E53FE7A00D15B7B /* LaunchScreen.storyboard */; };
		D90A43EE1E53FE7A00D15B7B /* ThenSingsMySoulTests.swift in Sources */ = {isa = PBXBuildFile; fileRef = D90A43ED1E53FE7A00D15B7B /* ThenSingsMySoulTests.swift */; };
		D90A43F91E53FE7A00D15B7B /* ThenSingsMySoulUITests.swift in Sources */ = {isa = PBXBuildFile; fileRef = D90A43F81E53FE7A00D15B7B /* ThenSingsMySoulUITests.swift */; };
		D95BEBE51E540B6100D6DE5D /* RussianViewController.swift in Sources */ = {isa = PBXBuildFile; fileRef = D95BEBE41E540B6100D6DE5D /* RussianViewController.swift */; };
/* End PBXBuildFile section */

/* Begin PBXContainerItemProxy section */
		D90A43EA1E53FE7A00D15B7B /* PBXContainerItemProxy */ = {
			isa = PBXContainerItemProxy;
			containerPortal = D90A43CB1E53FE7900D15B7B /* Project object */;
			proxyType = 1;
			remoteGlobalIDString = D90A43D21E53FE7900D15B7B;
			remoteInfo = ThenSingsMySoul;
		};
		D90A43F51E53FE7A00D15B7B /* PBXContainerItemProxy */ = {
			isa = PBXContainerItemProxy;
			containerPortal = D90A43CB1E53FE7900D15B7B /* Project object */;
			proxyType = 1;
			remoteGlobalIDString = D90A43D21E53FE7900D15B7B;
			remoteInfo = ThenSingsMySoul;
		};
/* End PBXContainerItemProxy section */

/* Begin PBXFileReference section */
		D90A43D31E53FE7900D15B7B /* ThenSingsMySoul.app */ = {isa = PBXFileReference; explicitFileType = wrapper.application; includeInIndex = 0; path = ThenSingsMySoul.app; sourceTree = BUILT_PRODUCTS_DIR; };
		D90A43D61E53FE7900D15B7B /* AppDelegate.swift */ = {isa = PBXFileReference; lastKnownFileType = sourcecode.swift; path = AppDelegate.swift; sourceTree = "<group>"; };
		D90A43D81E53FE7900D15B7B /* EnglishViewController.swift */ = {isa = PBXFileReference; lastKnownFileType = sourcecode.swift; path = EnglishViewController.swift; sourceTree = "<group>"; };
		D90A43DA1E53FE7900D15B7B /* UkrainianViewController.swift */ = {isa = PBXFileReference; lastKnownFileType = sourcecode.swift; path = UkrainianViewController.swift; sourceTree = "<group>"; };
		D90A43DD1E53FE7900D15B7B /* Base */ = {isa = PBXFileReference; lastKnownFileType = file.storyboard; name = Base; path = Base.lproj/Main.storyboard; sourceTree = "<group>"; };
		D90A43DF1E53FE7A00D15B7B /* Assets.xcassets */ = {isa = PBXFileReference; lastKnownFileType = folder.assetcatalog; path = Assets.xcassets; sourceTree = "<group>"; };
		D90A43E21E53FE7A00D15B7B /* Base */ = {isa = PBXFileReference; lastKnownFileType = file.storyboard; name = Base; path = Base.lproj/LaunchScreen.storyboard; sourceTree = "<group>"; };
		D90A43E41E53FE7A00D15B7B /* Info.plist */ = {isa = PBXFileReference; lastKnownFileType = text.plist.xml; path = Info.plist; sourceTree = "<group>"; };
		D90A43E91E53FE7A00D15B7B /* ThenSingsMySoulTests.xctest */ = {isa = PBXFileReference; explicitFileType = wrapper.cfbundle; includeInIndex = 0; path = ThenSingsMySoulTests.xctest; sourceTree = BUILT_PRODUCTS_DIR; };
		D90A43ED1E53FE7A00D15B7B /* ThenSingsMySoulTests.swift */ = {isa = PBXFileReference; lastKnownFileType = sourcecode.swift; path = ThenSingsMySoulTests.swift; sourceTree = "<group>"; };
		D90A43EF1E53FE7A00D15B7B /* Info.plist */ = {isa = PBXFileReference; lastKnownFileType = text.plist.xml; path = Info.plist; sourceTree = "<group>"; };
		D90A43F41E53FE7A00D15B7B /* ThenSingsMySoulUITests.xctest */ = {isa = PBXFileReference; explicitFileType = wrapper.cfbundle; includeInIndex = 0; path = ThenSingsMySoulUITests.xctest; sourceTree = BUILT_PRODUCTS_DIR; };
		D90A43F81E53FE7A00D15B7B /* ThenSingsMySoulUITests.swift */ = {isa = PBXFileReference; lastKnownFileType = sourcecode.swift; path = ThenSingsMySoulUITests.swift; sourceTree = "<group>"; };
		D90A43FA1E53FE7A00D15B7B /* Info.plist */ = {isa = PBXFileReference; lastKnownFileType = text.plist.xml; path = Info.plist; sourceTree = "<group>"; };
		D95BEBE41E540B6100D6DE5D /* RussianViewController.swift */ = {isa = PBXFileReference; fileEncoding = 4; lastKnownFileType = sourcecode.swift; path = RussianViewController.swift; sourceTree = "<group>"; };
/* End PBXFileReference section */

/* Begin PBXFrameworksBuildPhase section */
		D90A43D01E53FE7900D15B7B /* Frameworks */ = {
			isa = PBXFrameworksBuildPhase;
			buildActionMask = 2147483647;
			files = (
			);
			runOnlyForDeploymentPostprocessing = 0;
		};
		D90A43E61E53FE7A00D15B7B /* Frameworks */ = {
			isa = PBXFrameworksBuildPhase;
			buildActionMask = 2147483647;
			files = (
			);
			runOnlyForDeploymentPostprocessing = 0;
		};
		D90A43F11E53FE7A00D15B7B /* Frameworks */ = {
			isa = PBXFrameworksBuildPhase;
			buildActionMask = 2147483647;
			files = (
			);
			runOnlyForDeploymentPostprocessing = 0;
		};
/* End PBXFrameworksBuildPhase section */

/* Begin PBXGroup section */
		D90A43CA1E53FE7900D15B7B = {
			isa = PBXGroup;
			children = (
				D90A43D51E53FE7900D15B7B /* ThenSingsMySoul */,
				D90A43EC1E53FE7A00D15B7B /* ThenSingsMySoulTests */,
				D90A43F71E53FE7A00D15B7B /* ThenSingsMySoulUITests */,
				D90A43D41E53FE7900D15B7B /* Products */,
			);
			sourceTree = "<group>";
		};
		D90A43D41E53FE7900D15B7B /* Products */ = {
			isa = PBXGroup;
			children = (
				D90A43D31E53FE7900D15B7B /* ThenSingsMySoul.app */,
				D90A43E91E53FE7A00D15B7B /* ThenSingsMySoulTests.xctest */,
				D90A43F41E53FE7A00D15B7B /* ThenSingsMySoulUITests.xctest */,
			);
			name = Products;
			sourceTree = "<group>";
		};
		D90A43D51E53FE7900D15B7B /* ThenSingsMySoul */ = {
			isa = PBXGroup;
			children = (
				D90A43D61E53FE7900D15B7B /* AppDelegate.swift */,
				D90A43D81E53FE7900D15B7B /* EnglishViewController.swift */,
				D90A43DA1E53FE7900D15B7B /* UkrainianViewController.swift */,
				D95BEBE41E540B6100D6DE5D /* RussianViewController.swift */,
				D90A43DC1E53FE7900D15B7B /* Main.storyboard */,
				D90A43DF1E53FE7A00D15B7B /* Assets.xcassets */,
				D90A43E11E53FE7A00D15B7B /* LaunchScreen.storyboard */,
				D90A43E41E53FE7A00D15B7B /* Info.plist */,
			);
			path = ThenSingsMySoul;
			sourceTree = "<group>";
		};
		D90A43EC1E53FE7A00D15B7B /* ThenSingsMySoulTests */ = {
			isa = PBXGroup;
			children = (
				D90A43ED1E53FE7A00D15B7B /* ThenSingsMySoulTests.swift */,
				D90A43EF1E53FE7A00D15B7B /* Info.plist */,
			);
			path = ThenSingsMySoulTests;
			sourceTree = "<group>";
		};
		D90A43F71E53FE7A00D15B7B /* ThenSingsMySoulUITests */ = {
			isa = PBXGroup;
			children = (
				D90A43F81E53FE7A00D15B7B /* ThenSingsMySoulUITests.swift */,
				D90A43FA1E53FE7A00D15B7B /* Info.plist */,
			);
			path = ThenSingsMySoulUITests;
			sourceTree = "<group>";
		};
/* End PBXGroup section */

/* Begin PBXNativeTarget section */
		D90A43D21E53FE7900D15B7B /* ThenSingsMySoul */ = {
			isa = PBXNativeTarget;
			buildConfigurationList = D90A43FD1E53FE7A00D15B7B /* Build configuration list for PBXNativeTarget "ThenSingsMySoul" */;
			buildPhases = (
				D90A43CF1E53FE7900D15B7B /* Sources */,
				D90A43D01E53FE7900D15B7B /* Frameworks */,
				D90A43D11E53FE7900D15B7B /* Resources */,
			);
			buildRules = (
			);
			dependencies = (
			);
			name = ThenSingsMySoul;
			productName = ThenSingsMySoul;
			productReference = D90A43D31E53FE7900D15B7B /* ThenSingsMySoul.app */;
			productType = "com.apple.product-type.application";
		};
		D90A43E81E53FE7A00D15B7B /* ThenSingsMySoulTests */ = {
			isa = PBXNativeTarget;
			buildConfigurationList = D90A44001E53FE7A00D15B7B /* Build configuration list for PBXNativeTarget "ThenSingsMySoulTests" */;
			buildPhases = (
				D90A43E51E53FE7A00D15B7B /* Sources */,
				D90A43E61E53FE7A00D15B7B /* Frameworks */,
				D90A43E71E53FE7A00D15B7B /* Resources */,
			);
			buildRules = (
			);
			dependencies = (
				D90A43EB1E53FE7A00D15B7B /* PBXTargetDependency */,
			);
			name = ThenSingsMySoulTests;
			productName = ThenSingsMySoulTests;
			productReference = D90A43E91E53FE7A00D15B7B /* ThenSingsMySoulTests.xctest */;
			productType = "com.apple.product-type.bundle.unit-test";
		};
		D90A43F31E53FE7A00D15B7B /* ThenSingsMySoulUITests */ = {
			isa = PBXNativeTarget;
			buildConfigurationList = D90A44031E53FE7A00D15B7B /* Build configuration list for PBXNativeTarget "ThenSingsMySoulUITests" */;
			buildPhases = (
				D90A43F01E53FE7A00D15B7B /* Sources */,
				D90A43F11E53FE7A00D15B7B /* Frameworks */,
				D90A43F21E53FE7A00D15B7B /* Resources */,
			);
			buildRules = (
			);
			dependencies = (
				D90A43F61E53FE7A00D15B7B /* PBXTargetDependency */,
			);
			name = ThenSingsMySoulUITests;
			productName = ThenSingsMySoulUITests;
			productReference = D90A43F41E53FE7A00D15B7B /* ThenSingsMySoulUITests.xctest */;
			productType = "com.apple.product-type.bundle.ui-testing";
		};
/* End PBXNativeTarget section */

/* Begin PBXProject section */
		D90A43CB1E53FE7900D15B7B /* Project object */ = {
			isa = PBXProject;
			attributes = {
				LastSwiftUpdateCheck = 0820;
				LastUpgradeCheck = 0820;
				ORGANIZATIONNAME = Novaci;
				TargetAttributes = {
					D90A43D21E53FE7900D15B7B = {
						CreatedOnToolsVersion = 8.2.1;
						ProvisioningStyle = Automatic;
					};
					D90A43E81E53FE7A00D15B7B = {
						CreatedOnToolsVersion = 8.2.1;
						ProvisioningStyle = Automatic;
						TestTargetID = D90A43D21E53FE7900D15B7B;
					};
					D90A43F31E53FE7A00D15B7B = {
						CreatedOnToolsVersion = 8.2.1;
						ProvisioningStyle = Automatic;
						TestTargetID = D90A43D21E53FE7900D15B7B;
					};
				};
			};
			buildConfigurationList = D90A43CE1E53FE7900D15B7B /* Build configuration list for PBXProject "ThenSingsMySoul" */;
			compatibilityVersion = "Xcode 3.2";
			developmentRegion = English;
			hasScannedForEncodings = 0;
			knownRegions = (
				en,
				Base,
			);
			mainGroup = D90A43CA1E53FE7900D15B7B;
			productRefGroup = D90A43D41E53FE7900D15B7B /* Products */;
			projectDirPath = "";
			projectRoot = "";
			targets = (
				D90A43D21E53FE7900D15B7B /* ThenSingsMySoul */,
				D90A43E81E53FE7A00D15B7B /* ThenSingsMySoulTests */,
				D90A43F31E53FE7A00D15B7B /* ThenSingsMySoulUITests */,
			);
		};
/* End PBXProject section */

/* Begin PBXResourcesBuildPhase section */
		D90A43D11E53FE7900D15B7B /* Resources */ = {
			isa = PBXResourcesBuildPhase;
			buildActionMask = 2147483647;
			files = (
				D90A43E31E53FE7A00D15B7B /* LaunchScreen.storyboard in Resources */,
				D90A43E01E53FE7A00D15B7B /* Assets.xcassets in Resources */,
				D90A43DE1E53FE7900D15B7B /* Main.storyboard in Resources */,
			);
			runOnlyForDeploymentPostprocessing = 0;
		};
		D90A43E71E53FE7A00D15B7B /* Resources */ = {
			isa = PBXResourcesBuildPhase;
			buildActionMask = 2147483647;
			files = (
			);
			runOnlyForDeploymentPostprocessing = 0;
		};
		D90A43F21E53FE7A00D15B7B /* Resources */ = {
			isa = PBXResourcesBuildPhase;
			buildActionMask = 2147483647;
			files = (
			);
			runOnlyForDeploymentPostprocessing = 0;
		};
/* End PBXResourcesBuildPhase section */

/* Begin PBXSourcesBuildPhase section */
		D90A43CF1E53FE7900D15B7B /* Sources */ = {
			isa = PBXSourcesBuildPhase;
			buildActionMask = 2147483647;
			files = (
				D90A43DB1E53FE7900D15B7B /* UkrainianViewController.swift in Sources */,
				D90A43D71E53FE7900D15B7B /* AppDelegate.swift in Sources */,
				D95BEBE51E540B6100D6DE5D /* RussianViewController.swift in Sources */,
				D90A43D91E53FE7900D15B7B /* EnglishViewController.swift in Sources */,
			);
			runOnlyForDeploymentPostprocessing = 0;
		};
		D90A43E51E53FE7A00D15B7B /* Sources */ = {
			isa = PBXSourcesBuildPhase;
			buildActionMask = 2147483647;
			files = (
				D90A43EE1E53FE7A00D15B7B /* ThenSingsMySoulTests.swift in Sources */,
			);
			runOnlyForDeploymentPostprocessing = 0;
		};
		D90A43F01E53FE7A00D15B7B /* Sources */ = {
			isa = PBXSourcesBuildPhase;
			buildActionMask = 2147483647;
			files = (
				D90A43F91E53FE7A00D15B7B /* ThenSingsMySoulUITests.swift in Sources */,
			);
			runOnlyForDeploymentPostprocessing = 0;
		};
/* End PBXSourcesBuildPhase section */

/* Begin PBXTargetDependency section */
		D90A43EB1E53FE7A00D15B7B /* PBXTargetDependency */ = {
			isa = PBXTargetDependency;
			target = D90A43D21E53FE7900D15B7B /* ThenSingsMySoul */;
			targetProxy = D90A43EA1E53FE7A00D15B7B /* PBXContainerItemProxy */;
		};
		D90A43F61E53FE7A00D15B7B /* PBXTargetDependency */ = {
			isa = PBXTargetDependency;
			target = D90A43D21E53FE7900D15B7B /* ThenSingsMySoul */;
			targetProxy = D90A43F51E53FE7A00D15B7B /* PBXContainerItemProxy */;
		};
/* End PBXTargetDependency section */

/* Begin PBXVariantGroup section */
		D90A43DC1E53FE7900D15B7B /* Main.storyboard */ = {
			isa = PBXVariantGroup;
			children = (
				D90A43DD1E53FE7900D15B7B /* Base */,
			);
			name = Main.storyboard;
			sourceTree = "<group>";
		};
		D90A43E11E53FE7A00D15B7B /* LaunchScreen.storyboard */ = {
			isa = PBXVariantGroup;
			children = (
				D90A43E21E53FE7A00D15B7B /* Base */,
			);
			name = LaunchScreen.storyboard;
			sourceTree = "<group>";
		};
/* End PBXVariantGroup section */

/* Begin XCBuildConfiguration section */
		D90A43FB1E53FE7A00D15B7B /* Debug */ = {
			isa = XCBuildConfiguration;
			buildSettings = {
				ALWAYS_SEARCH_USER_PATHS = NO;
				CLANG_ANALYZER_NONNULL = YES;
				CLANG_CXX_LANGUAGE_STANDARD = "gnu++0x";
				CLANG_CXX_LIBRARY = "libc++";
				CLANG_ENABLE_MODULES = YES;
				CLANG_ENABLE_OBJC_ARC = YES;
				CLANG_WARN_BOOL_CONVERSION = YES;
				CLANG_WARN_CONSTANT_CONVERSION = YES;
				CLANG_WARN_DIRECT_OBJC_ISA_USAGE = YES_ERROR;
				CLANG_WARN_DOCUMENTATION_COMMENTS = YES;
				CLANG_WARN_EMPTY_BODY = YES;
				CLANG_WARN_ENUM_CONVERSION = YES;
				CLANG_WARN_INFINITE_RECURSION = YES;
				CLANG_WARN_INT_CONVERSION = YES;
				CLANG_WARN_OBJC_ROOT_CLASS = YES_ERROR;
				CLANG_WARN_SUSPICIOUS_MOVE = YES;
				CLANG_WARN_UNREACHABLE_CODE = YES;
				CLANG_WARN__DUPLICATE_METHOD_MATCH = YES;
				"CODE_SIGN_IDENTITY[sdk=iphoneos*]" = "iPhone Developer";
				COPY_PHASE_STRIP = NO;
				DEBUG_INFORMATION_FORMAT = dwarf;
				ENABLE_STRICT_OBJC_MSGSEND = YES;
				ENABLE_TESTABILITY = YES;
				GCC_C_LANGUAGE_STANDARD = gnu99;
				GCC_DYNAMIC_NO_PIC = NO;
				GCC_NO_COMMON_BLOCKS = YES;
				GCC_OPTIMIZATION_LEVEL = 0;
				GCC_PREPROCESSOR_DEFINITIONS = (
					"DEBUG=1",
					"$(inherited)",
				);
				GCC_WARN_64_TO_32_BIT_CONVERSION = YES;
				GCC_WARN_ABOUT_RETURN_TYPE = YES_ERROR;
				GCC_WARN_UNDECLARED_SELECTOR = YES;
				GCC_WARN_UNINITIALIZED_AUTOS = YES_AGGRESSIVE;
				GCC_WARN_UNUSED_FUNCTION = YES;
				GCC_WARN_UNUSED_VARIABLE = YES;
				IPHONEOS_DEPLOYMENT_TARGET = 10.2;
				MTL_ENABLE_DEBUG_INFO = YES;
				ONLY_ACTIVE_ARCH = YES;
				SDKROOT = iphoneos;
				SWIFT_ACTIVE_COMPILATION_CONDITIONS = DEBUG;
				SWIFT_OPTIMIZATION_LEVEL = "-Onone";
				TARGETED_DEVICE_FAMILY = "1,2";
			};
			name = Debug;
		};
		D90A43FC1E53FE7A00D15B7B /* Release */ = {
			isa = XCBuildConfiguration;
			buildSettings = {
				ALWAYS_SEARCH_USER_PATHS = NO;
				CLANG_ANALYZER_NONNULL = YES;
				CLANG_CXX_LANGUAGE_STANDARD = "gnu++0x";
				CLANG_CXX_LIBRARY = "libc++";
				CLANG_ENABLE_MODULES = YES;
				CLANG_ENABLE_OBJC_ARC = YES;
				CLANG_WARN_BOOL_CONVERSION = YES;
				CLANG_WARN_CONSTANT_CONVERSION = YES;
				CLANG_WARN_DIRECT_OBJC_ISA_USAGE = YES_ERROR;
				CLANG_WARN_DOCUMENTATION_COMMENTS = YES;
				CLANG_WARN_EMPTY_BODY = YES;
				CLANG_WARN_ENUM_CONVERSION = YES;
				CLANG_WARN_INFINITE_RECURSION = YES;
				CLANG_WARN_INT_CONVERSION = YES;
				CLANG_WARN_OBJC_ROOT_CLASS = YES_ERROR;
				CLANG_WARN_SUSPICIOUS_MOVE = YES;
				CLANG_WARN_UNREACHABLE_CODE = YES;
				CLANG_WARN__DUPLICATE_METHOD_MATCH = YES;
				"CODE_SIGN_IDENTITY[sdk=iphoneos*]" = "iPhone Developer";
				COPY_PHASE_STRIP = NO;
				DEBUG_INFORMATION_FORMAT = "dwarf-with-dsym";
				ENABLE_NS_ASSERTIONS = NO;
				ENABLE_STRICT_OBJC_MSGSEND = YES;
				GCC_C_LANGUAGE_STANDARD = gnu99;
				GCC_NO_COMMON_BLOCKS = YES;
				GCC_WARN_64_TO_32_BIT_CONVERSION = YES;
				GCC_WARN_ABOUT_RETURN_TYPE = YES_ERROR;
				GCC_WARN_UNDECLARED_SELECTOR = YES;
				GCC_WARN_UNINITIALIZED_AUTOS = YES_AGGRESSIVE;
				GCC_WARN_UNUSED_FUNCTION = YES;
				GCC_WARN_UNUSED_VARIABLE = YES;
				IPHONEOS_DEPLOYMENT_TARGET = 10.2;
				MTL_ENABLE_DEBUG_INFO = NO;
				SDKROOT = iphoneos;
				SWIFT_OPTIMIZATION_LEVEL = "-Owholemodule";
				TARGETED_DEVICE_FAMILY = "1,2";
				VALIDATE_PRODUCT = YES;
			};
			name = Release;
		};
		D90A43FE1E53FE7A00D15B7B /* Debug */ = {
			isa = XCBuildConfiguration;
			buildSettings = {
				ASSETCATALOG_COMPILER_APPICON_NAME = AppIcon;
				INFOPLIST_FILE = ThenSingsMySoul/Info.plist;
				LD_RUNPATH_SEARCH_PATHS = "$(inherited) @executable_path/Frameworks";
				PRODUCT_BUNDLE_IDENTIFIER = com.novaci.ThenSingsMySoul;
				PRODUCT_NAME = "$(TARGET_NAME)";
				SWIFT_VERSION = 3.0;
			};
			name = Debug;
		};
		D90A43FF1E53FE7A00D15B7B /* Release */ = {
			isa = XCBuildConfiguration;
			buildSettings = {
				ASSETCATALOG_COMPILER_APPICON_NAME = AppIcon;
				INFOPLIST_FILE = ThenSingsMySoul/Info.plist;
				LD_RUNPATH_SEARCH_PATHS = "$(inherited) @executable_path/Frameworks";
				PRODUCT_BUNDLE_IDENTIFIER = com.novaci.ThenSingsMySoul;
				PRODUCT_NAME = "$(TARGET_NAME)";
				SWIFT_VERSION = 3.0;
			};
			name = Release;
		};
		D90A44011E53FE7A00D15B7B /* Debug */ = {
			isa = XCBuildConfiguration;
			buildSettings = {
				ALWAYS_EMBED_SWIFT_STANDARD_LIBRARIES = YES;
				BUNDLE_LOADER = "$(TEST_HOST)";
				INFOPLIST_FILE = ThenSingsMySoulTests/Info.plist;
				LD_RUNPATH_SEARCH_PATHS = "$(inherited) @executable_path/Frameworks @loader_path/Frameworks";
				PRODUCT_BUNDLE_IDENTIFIER = com.novaci.ThenSingsMySoulTests;
				PRODUCT_NAME = "$(TARGET_NAME)";
				SWIFT_VERSION = 3.0;
				TEST_HOST = "$(BUILT_PRODUCTS_DIR)/ThenSingsMySoul.app/ThenSingsMySoul";
			};
			name = Debug;
		};
		D90A44021E53FE7A00D15B7B /* Release */ = {
			isa = XCBuildConfiguration;
			buildSettings = {
				ALWAYS_EMBED_SWIFT_STANDARD_LIBRARIES = YES;
				BUNDLE_LOADER = "$(TEST_HOST)";
				INFOPLIST_FILE = ThenSingsMySoulTests/Info.plist;
				LD_RUNPATH_SEARCH_PATHS = "$(inherited) @executable_path/Frameworks @loader_path/Frameworks";
				PRODUCT_BUNDLE_IDENTIFIER = com.novaci.ThenSingsMySoulTests;
				PRODUCT_NAME = "$(TARGET_NAME)";
				SWIFT_VERSION = 3.0;
				TEST_HOST = "$(BUILT_PRODUCTS_DIR)/ThenSingsMySoul.app/ThenSingsMySoul";
			};
			name = Release;
		};
		D90A44041E53FE7A00D15B7B /* Debug */ = {
			isa = XCBuildConfiguration;
			buildSettings = {
				ALWAYS_EMBED_SWIFT_STANDARD_LIBRARIES = YES;
				INFOPLIST_FILE = ThenSingsMySoulUITests/Info.plist;
				LD_RUNPATH_SEARCH_PATHS = "$(inherited) @executable_path/Frameworks @loader_path/Frameworks";
				PRODUCT_BUNDLE_IDENTIFIER = com.novaci.ThenSingsMySoulUITests;
				PRODUCT_NAME = "$(TARGET_NAME)";
				SWIFT_VERSION = 3.0;
				TEST_TARGET_NAME = ThenSingsMySoul;
			};
			name = Debug;
		};
		D90A44051E53FE7A00D15B7B /* Release */ = {
			isa = XCBuildConfiguration;
			buildSettings = {
				ALWAYS_EMBED_SWIFT_STANDARD_LIBRARIES = YES;
				INFOPLIST_FILE = ThenSingsMySoulUITests/Info.plist;
				LD_RUNPATH_SEARCH_PATHS = "$(inherited) @executable_path/Frameworks @loader_path/Frameworks";
				PRODUCT_BUNDLE_IDENTIFIER = com.novaci.ThenSingsMySoulUITests;
				PRODUCT_NAME = "$(TARGET_NAME)";
				SWIFT_VERSION = 3.0;
				TEST_TARGET_NAME = ThenSingsMySoul;
			};
			name = Release;
		};
/* End XCBuildConfiguration section */

/* Begin XCConfigurationList section */
		D90A43CE1E53FE7900D15B7B /* Build configuration list for PBXProject "ThenSingsMySoul" */ = {
			isa = XCConfigurationList;
			buildConfigurations = (
				D90A43FB1E53FE7A00D15B7B /* Debug */,
				D90A43FC1E53FE7A00D15B7B /* Release */,
			);
			defaultConfigurationIsVisible = 0;
			defaultConfigurationName = Release;
		};
		D90A43FD1E53FE7A00D15B7B /* Build configuration list for PBXNativeTarget "ThenSingsMySoul" */ = {
			isa = XCConfigurationList;
			buildConfigurations = (
				D90A43FE1E53FE7A00D15B7B /* Debug */,
				D90A43FF1E53FE7A00D15B7B /* Release */,
			);
			defaultConfigurationIsVisible = 0;
			defaultConfigurationName = Release;
		};
		D90A44001E53FE7A00D15B7B /* Build configuration list for PBXNativeTarget "ThenSingsMySoulTests" */ = {
			isa = XCConfigurationList;
			buildConfigurations = (
				D90A44011E53FE7A00D15B7B /* Debug */,
				D90A44021E53FE7A00D15B7B /* Release */,
			);
			defaultConfigurationIsVisible = 0;
			defaultConfigurationName = Release;
		};
		D90A44031E53FE7A00D15B7B /* Build configuration list for PBXNativeTarget "ThenSingsMySoulUITests" */ = {
			isa = XCConfigurationList;
			buildConfigurations = (
				D90A44041E53FE7A00D15B7B /* Debug */,
				D90A44051E53FE7A00D15B7B /* Release */,
			);
			defaultConfigurationIsVisible = 0;
			defaultConfigurationName = Release;
		};
/* End XCConfigurationList section */
	};
	rootObject = D90A43CB1E53FE7900D15B7B /* Project object */;
}
